
Microsoft Visual Studio Solution File, Format Version 12.00
# Visual Studio Version 16
VisualStudioVersion = 16.0.31624.102
MinimumVisualStudioVersion = 10.0.40219.1
Project("{9A19103F-16F7-4668-BE54-9A1E7A4F7556}") = "AreaOfShapes", "AreaOfShapes\AreaOfShapes.csproj", "{18D914CA-89A9-4F99-8DE8-F209D25EA09C}"
EndProject
Project("{FAE04EC0-301F-11D3-BF4B-00C04F79EFBC}") = "AreaOfShapesTests", "AreaOfShapesTests\AreaOfShapesTests.csproj", "{4E8B57D0-3F23-424D-96F6-C63009C3ECED}"
EndProject
Global
	GlobalSection(SolutionConfigurationPlatforms) = preSolution
		Debug|Any CPU = Debug|Any CPU
		Release|Any CPU = Release|Any CPU
	EndGlobalSection
	GlobalSection(ProjectConfigurationPlatforms) = postSolution
		{18D914CA-89A9-4F99-8DE8-F209D25EA09C}.Debug|Any CPU.ActiveCfg = Debug|Any CPU
		{18D914CA-89A9-4F99-8DE8-F209D25EA09C}.Debug|Any CPU.Build.0 = Debug|Any CPU
		{18D914CA-89A9-4F99-8DE8-F209D25EA09C}.Release|Any CPU.ActiveCfg = Release|Any CPU
		{18D914CA-89A9-4F99-8DE8-F209D25EA09C}.Release|Any CPU.Build.0 = Release|Any CPU
		{4E8B57D0-3F23-424D-96F6-C63009C3ECED}.Debug|Any CPU.ActiveCfg = Debug|Any CPU
		{4E8B57D0-3F23-424D-96F6-C63009C3ECED}.Debug|Any CPU.Build.0 = Debug|Any CPU
		{4E8B57D0-3F23-424D-96F6-C63009C3ECED}.Release|Any CPU.ActiveCfg = Release|Any CPU
		{4E8B57D0-3F23-424D-96F6-C63009C3ECED}.Release|Any CPU.Build.0 = Release|Any CPU
	EndGlobalSection
	GlobalSection(SolutionProperties) = preSolution
		HideSolutionNode = FALSE
	EndGlobalSection
	GlobalSection(ExtensibilityGlobals) = postSolution
		SolutionGuid = {06A99AEC-EEAA-46EC-B4C0-29A16ED06EDF}
	EndGlobalSection
EndGlobal
